
Microsoft Visual Studio Solution File, Format Version 12.00
# Visual Studio Version 17
VisualStudioVersion = 17.7.34009.444
MinimumVisualStudioVersion = 10.0.40219.1
Project("{FAE04EC0-301F-11D3-BF4B-00C04F79EFBC}") = "WebApiWithDapper", "WebApiWithDapper\WebApiWithDapper.csproj", "{EDC1ADCF-F7D3-4F6A-9BB6-A5D288A5574D}"
EndProject
Global
	GlobalSection(SolutionConfigurationPlatforms) = preSolution
		Debug|Any CPU = Debug|Any CPU
		Release|Any CPU = Release|Any CPU
	EndGlobalSection
	GlobalSection(ProjectConfigurationPlatforms) = postSolution
		{EDC1ADCF-F7D3-4F6A-9BB6-A5D288A5574D}.Debug|Any CPU.ActiveCfg = Debug|Any CPU
		{EDC1ADCF-F7D3-4F6A-9BB6-A5D288A5574D}.Debug|Any CPU.Build.0 = Debug|Any CPU
		{EDC1ADCF-F7D3-4F6A-9BB6-A5D288A5574D}.Release|Any CPU.ActiveCfg = Release|Any CPU
		{EDC1ADCF-F7D3-4F6A-9BB6-A5D288A5574D}.Release|Any CPU.Build.0 = Release|Any CPU
	EndGlobalSection
	GlobalSection(SolutionProperties) = preSolution
		HideSolutionNode = FALSE
	EndGlobalSection
	GlobalSection(ExtensibilityGlobals) = postSolution
		SolutionGuid = {1661C1F1-2CD6-432E-9CC8-7E68373B0D7E}
	EndGlobalSection
EndGlobal
